// !$*UTF8*$!
{
	archiveVersion = 1;
	classes = {
	};
	objectVersion = 46;
	objects = {

/* Begin PBXBuildFile section */
		DAB302311AD4977200F9C0D4 /* main.m in Sources */ = {isa = PBXBuildFile; fileRef = DAB302301AD4977200F9C0D4 /* main.m */; };
		DAB302341AD4977200F9C0D4 /* AppDelegate.m in Sources */ = {isa = PBXBuildFile; fileRef = DAB302331AD4977200F9C0D4 /* AppDelegate.m */; };
		DAB302371AD4977200F9C0D4 /* AcronymLookup.xcdatamodeld in Sources */ = {isa = PBXBuildFile; fileRef = DAB302351AD4977200F9C0D4 /* AcronymLookup.xcdatamodeld */; };
		DAB3023A1AD4977200F9C0D4 /* ViewController.m in Sources */ = {isa = PBXBuildFile; fileRef = DAB302391AD4977200F9C0D4 /* ViewController.m */; };
		DAB3023F1AD4977200F9C0D4 /* Images.xcassets in Resources */ = {isa = PBXBuildFile; fileRef = DAB3023E1AD4977200F9C0D4 /* Images.xcassets */; };
		DAB3024E1AD4977200F9C0D4 /* AcronymLookupTests.m in Sources */ = {isa = PBXBuildFile; fileRef = DAB3024D1AD4977200F9C0D4 /* AcronymLookupTests.m */; };
		DAB302581AD4B52A00F9C0D4 /* InitialScreen.xib in Resources */ = {isa = PBXBuildFile; fileRef = DAB302571AD4B52A00F9C0D4 /* InitialScreen.xib */; };
		DAB3025B1AD4E70900F9C0D4 /* ServiceFacade.m in Sources */ = {isa = PBXBuildFile; fileRef = DAB3025A1AD4E70900F9C0D4 /* ServiceFacade.m */; };
		DAB3025F1AD4F5E700F9C0D4 /* FTHTTPCodes.m in Sources */ = {isa = PBXBuildFile; fileRef = DAB3025E1AD4F5E700F9C0D4 /* FTHTTPCodes.m */; };
/* End PBXBuildFile section */

/* Begin PBXContainerItemProxy section */
		DAB302481AD4977200F9C0D4 /* PBXContainerItemProxy */ = {
			isa = PBXContainerItemProxy;
			containerPortal = DAB302231AD4977100F9C0D4 /* Project object */;
			proxyType = 1;
			remoteGlobalIDString = DAB3022A1AD4977200F9C0D4;
			remoteInfo = AcronymLookup;
		};
/* End PBXContainerItemProxy section */

/* Begin PBXFileReference section */
		DAB3022B1AD4977200F9C0D4 /* AcronymLookup.app */ = {isa = PBXFileReference; explicitFileType = wrapper.application; includeInIndex = 0; path = AcronymLookup.app; sourceTree = BUILT_PRODUCTS_DIR; };
		DAB3022F1AD4977200F9C0D4 /* Info.plist */ = {isa = PBXFileReference; lastKnownFileType = text.plist.xml; path = Info.plist; sourceTree = "<group>"; };
		DAB302301AD4977200F9C0D4 /* main.m */ = {isa = PBXFileReference; lastKnownFileType = sourcecode.c.objc; path = main.m; sourceTree = "<group>"; };
		DAB302321AD4977200F9C0D4 /* AppDelegate.h */ = {isa = PBXFileReference; lastKnownFileType = sourcecode.c.h; path = AppDelegate.h; sourceTree = "<group>"; };
		DAB302331AD4977200F9C0D4 /* AppDelegate.m */ = {isa = PBXFileReference; lastKnownFileType = sourcecode.c.objc; path = AppDelegate.m; sourceTree = "<group>"; };
		DAB302361AD4977200F9C0D4 /* AcronymLookup.xcdatamodel */ = {isa = PBXFileReference; lastKnownFileType = wrapper.xcdatamodel; path = AcronymLookup.xcdatamodel; sourceTree = "<group>"; };
		DAB302381AD4977200F9C0D4 /* ViewController.h */ = {isa = PBXFileReference; lastKnownFileType = sourcecode.c.h; path = ViewController.h; sourceTree = "<group>"; };
		DAB302391AD4977200F9C0D4 /* ViewController.m */ = {isa = PBXFileReference; lastKnownFileType = sourcecode.c.objc; path = ViewController.m; sourceTree = "<group>"; };
		DAB3023E1AD4977200F9C0D4 /* Images.xcassets */ = {isa = PBXFileReference; lastKnownFileType = folder.assetcatalog; path = Images.xcassets; sourceTree = "<group>"; };
		DAB302471AD4977200F9C0D4 /* AcronymLookupTests.xctest */ = {isa = PBXFileReference; explicitFileType = wrapper.cfbundle; includeInIndex = 0; path = AcronymLookupTests.xctest; sourceTree = BUILT_PRODUCTS_DIR; };
		DAB3024C1AD4977200F9C0D4 /* Info.plist */ = {isa = PBXFileReference; lastKnownFileType = text.plist.xml; path = Info.plist; sourceTree = "<group>"; };
		DAB3024D1AD4977200F9C0D4 /* AcronymLookupTests.m */ = {isa = PBXFileReference; lastKnownFileType = sourcecode.c.objc; path = AcronymLookupTests.m; sourceTree = "<group>"; };
		DAB302571AD4B52A00F9C0D4 /* InitialScreen.xib */ = {isa = PBXFileReference; fileEncoding = 4; lastKnownFileType = file.xib; path = InitialScreen.xib; sourceTree = "<group>"; };
		DAB302591AD4E70900F9C0D4 /* ServiceFacade.h */ = {isa = PBXFileReference; fileEncoding = 4; lastKnownFileType = sourcecode.c.h; path = ServiceFacade.h; sourceTree = "<group>"; };
		DAB3025A1AD4E70900F9C0D4 /* ServiceFacade.m */ = {isa = PBXFileReference; fileEncoding = 4; lastKnownFileType = sourcecode.c.objc; path = ServiceFacade.m; sourceTree = "<group>"; };
		DAB3025C1AD4E72E00F9C0D4 /* ServiceFacadeDelegate.h */ = {isa = PBXFileReference; lastKnownFileType = sourcecode.c.h; path = ServiceFacadeDelegate.h; sourceTree = "<group>"; };
		DAB3025D1AD4F5E700F9C0D4 /* FTHTTPCodes.h */ = {isa = PBXFileReference; fileEncoding = 4; lastKnownFileType = sourcecode.c.h; path = FTHTTPCodes.h; sourceTree = "<group>"; };
		DAB3025E1AD4F5E700F9C0D4 /* FTHTTPCodes.m */ = {isa = PBXFileReference; fileEncoding = 4; lastKnownFileType = sourcecode.c.objc; path = FTHTTPCodes.m; sourceTree = "<group>"; };
/* End PBXFileReference section */

/* Begin PBXFrameworksBuildPhase section */
		DAB302281AD4977200F9C0D4 /* Frameworks */ = {
			isa = PBXFrameworksBuildPhase;
			buildActionMask = 2147483647;
			files = (
			);
			runOnlyForDeploymentPostprocessing = 0;
		};
		DAB302441AD4977200F9C0D4 /* Frameworks */ = {
			isa = PBXFrameworksBuildPhase;
			buildActionMask = 2147483647;
			files = (
			);
			runOnlyForDeploymentPostprocessing = 0;
		};
/* End PBXFrameworksBuildPhase section */

/* Begin PBXGroup section */
		DAB302221AD4977100F9C0D4 = {
			isa = PBXGroup;
			children = (
				DAB3022D1AD4977200F9C0D4 /* AcronymLookup */,
				DAB3024A1AD4977200F9C0D4 /* AcronymLookupTests */,
				DAB3022C1AD4977200F9C0D4 /* Products */,
			);
			sourceTree = "<group>";
		};
		DAB3022C1AD4977200F9C0D4 /* Products */ = {
			isa = PBXGroup;
			children = (
				DAB3022B1AD4977200F9C0D4 /* AcronymLookup.app */,
				DAB302471AD4977200F9C0D4 /* AcronymLookupTests.xctest */,
			);
			name = Products;
			sourceTree = "<group>";
		};
		DAB3022D1AD4977200F9C0D4 /* AcronymLookup */ = {
			isa = PBXGroup;
			children = (
				DAB3025D1AD4F5E700F9C0D4 /* FTHTTPCodes.h */,
				DAB3025E1AD4F5E700F9C0D4 /* FTHTTPCodes.m */,
				DAB302321AD4977200F9C0D4 /* AppDelegate.h */,
				DAB302331AD4977200F9C0D4 /* AppDelegate.m */,
				DAB302381AD4977200F9C0D4 /* ViewController.h */,
				DAB302391AD4977200F9C0D4 /* ViewController.m */,
				DAB302591AD4E70900F9C0D4 /* ServiceFacade.h */,
				DAB3025A1AD4E70900F9C0D4 /* ServiceFacade.m */,
				DAB3025C1AD4E72E00F9C0D4 /* ServiceFacadeDelegate.h */,
				DAB302571AD4B52A00F9C0D4 /* InitialScreen.xib */,
				DAB3023E1AD4977200F9C0D4 /* Images.xcassets */,
				DAB302351AD4977200F9C0D4 /* AcronymLookup.xcdatamodeld */,
				DAB3022E1AD4977200F9C0D4 /* Supporting Files */,
			);
			path = AcronymLookup;
			sourceTree = "<group>";
		};
		DAB3022E1AD4977200F9C0D4 /* Supporting Files */ = {
			isa = PBXGroup;
			children = (
				DAB3022F1AD4977200F9C0D4 /* Info.plist */,
				DAB302301AD4977200F9C0D4 /* main.m */,
			);
			name = "Supporting Files";
			sourceTree = "<group>";
		};
		DAB3024A1AD4977200F9C0D4 /* AcronymLookupTests */ = {
			isa = PBXGroup;
			children = (
				DAB3024D1AD4977200F9C0D4 /* AcronymLookupTests.m */,
				DAB3024B1AD4977200F9C0D4 /* Supporting Files */,
			);
			path = AcronymLookupTests;
			sourceTree = "<group>";
		};
		DAB3024B1AD4977200F9C0D4 /* Supporting Files */ = {
			isa = PBXGroup;
			children = (
				DAB3024C1AD4977200F9C0D4 /* Info.plist */,
			);
			name = "Supporting Files";
			sourceTree = "<group>";
		};
/* End PBXGroup section */

/* Begin PBXNativeTarget section */
		DAB3022A1AD4977200F9C0D4 /* AcronymLookup */ = {
			isa = PBXNativeTarget;
			buildConfigurationList = DAB302511AD4977200F9C0D4 /* Build configuration list for PBXNativeTarget "AcronymLookup" */;
			buildPhases = (
				DAB302271AD4977200F9C0D4 /* Sources */,
				DAB302281AD4977200F9C0D4 /* Frameworks */,
				DAB302291AD4977200F9C0D4 /* Resources */,
			);
			buildRules = (
			);
			dependencies = (
			);
			name = AcronymLookup;
			productName = AcronymLookup;
			productReference = DAB3022B1AD4977200F9C0D4 /* AcronymLookup.app */;
			productType = "com.apple.product-type.application";
		};
		DAB302461AD4977200F9C0D4 /* AcronymLookupTests */ = {
			isa = PBXNativeTarget;
			buildConfigurationList = DAB302541AD4977200F9C0D4 /* Build configuration list for PBXNativeTarget "AcronymLookupTests" */;
			buildPhases = (
				DAB302431AD4977200F9C0D4 /* Sources */,
				DAB302441AD4977200F9C0D4 /* Frameworks */,
				DAB302451AD4977200F9C0D4 /* Resources */,
			);
			buildRules = (
			);
			dependencies = (
				DAB302491AD4977200F9C0D4 /* PBXTargetDependency */,
			);
			name = AcronymLookupTests;
			productName = AcronymLookupTests;
			productReference = DAB302471AD4977200F9C0D4 /* AcronymLookupTests.xctest */;
			productType = "com.apple.product-type.bundle.unit-test";
		};
/* End PBXNativeTarget section */

/* Begin PBXProject section */
		DAB302231AD4977100F9C0D4 /* Project object */ = {
			isa = PBXProject;
			attributes = {
				LastUpgradeCheck = 0620;
				ORGANIZATIONNAME = "Paul Agron";
				TargetAttributes = {
					DAB3022A1AD4977200F9C0D4 = {
						CreatedOnToolsVersion = 6.2;
					};
					DAB302461AD4977200F9C0D4 = {
						CreatedOnToolsVersion = 6.2;
						TestTargetID = DAB3022A1AD4977200F9C0D4;
					};
				};
			};
			buildConfigurationList = DAB302261AD4977100F9C0D4 /* Build configuration list for PBXProject "AcronymLookup" */;
			compatibilityVersion = "Xcode 3.2";
			developmentRegion = English;
			hasScannedForEncodings = 0;
			knownRegions = (
				en,
				Base,
			);
			mainGroup = DAB302221AD4977100F9C0D4;
			productRefGroup = DAB3022C1AD4977200F9C0D4 /* Products */;
			projectDirPath = "";
			projectRoot = "";
			targets = (
				DAB3022A1AD4977200F9C0D4 /* AcronymLookup */,
				DAB302461AD4977200F9C0D4 /* AcronymLookupTests */,
			);
		};
/* End PBXProject section */

/* Begin PBXResourcesBuildPhase section */
		DAB302291AD4977200F9C0D4 /* Resources */ = {
			isa = PBXResourcesBuildPhase;
			buildActionMask = 2147483647;
			files = (
				DAB302581AD4B52A00F9C0D4 /* InitialScreen.xib in Resources */,
				DAB3023F1AD4977200F9C0D4 /* Images.xcassets in Resources */,
			);
			runOnlyForDeploymentPostprocessing = 0;
		};
		DAB302451AD4977200F9C0D4 /* Resources */ = {
			isa = PBXResourcesBuildPhase;
			buildActionMask = 2147483647;
			files = (
			);
			runOnlyForDeploymentPostprocessing = 0;
		};
/* End PBXResourcesBuildPhase section */

/* Begin PBXSourcesBuildPhase section */
		DAB302271AD4977200F9C0D4 /* Sources */ = {
			isa = PBXSourcesBuildPhase;
			buildActionMask = 2147483647;
			files = (
				DAB3025F1AD4F5E700F9C0D4 /* FTHTTPCodes.m in Sources */,
				DAB302341AD4977200F9C0D4 /* AppDelegate.m in Sources */,
				DAB302311AD4977200F9C0D4 /* main.m in Sources */,
				DAB3023A1AD4977200F9C0D4 /* ViewController.m in Sources */,
				DAB3025B1AD4E70900F9C0D4 /* ServiceFacade.m in Sources */,
				DAB302371AD4977200F9C0D4 /* AcronymLookup.xcdatamodeld in Sources */,
			);
			runOnlyForDeploymentPostprocessing = 0;
		};
		DAB302431AD4977200F9C0D4 /* Sources */ = {
			isa = PBXSourcesBuildPhase;
			buildActionMask = 2147483647;
			files = (
				DAB3024E1AD4977200F9C0D4 /* AcronymLookupTests.m in Sources */,
			);
			runOnlyForDeploymentPostprocessing = 0;
		};
/* End PBXSourcesBuildPhase section */

/* Begin PBXTargetDependency section */
		DAB302491AD4977200F9C0D4 /* PBXTargetDependency */ = {
			isa = PBXTargetDependency;
			target = DAB3022A1AD4977200F9C0D4 /* AcronymLookup */;
			targetProxy = DAB302481AD4977200F9C0D4 /* PBXContainerItemProxy */;
		};
/* End PBXTargetDependency section */

/* Begin XCBuildConfiguration section */
		DAB3024F1AD4977200F9C0D4 /* Debug */ = {
			isa = XCBuildConfiguration;
			buildSettings = {
				ALWAYS_SEARCH_USER_PATHS = NO;
				CLANG_CXX_LANGUAGE_STANDARD = "gnu++0x";
				CLANG_CXX_LIBRARY = "libc++";
				CLANG_ENABLE_MODULES = YES;
				CLANG_ENABLE_OBJC_ARC = YES;
				CLANG_WARN_BOOL_CONVERSION = YES;
				CLANG_WARN_CONSTANT_CONVERSION = YES;
				CLANG_WARN_DIRECT_OBJC_ISA_USAGE = YES_ERROR;
				CLANG_WARN_EMPTY_BODY = YES;
				CLANG_WARN_ENUM_CONVERSION = YES;
				CLANG_WARN_INT_CONVERSION = YES;
				CLANG_WARN_OBJC_ROOT_CLASS = YES_ERROR;
				CLANG_WARN_UNREACHABLE_CODE = YES;
				CLANG_WARN__DUPLICATE_METHOD_MATCH = YES;
				"CODE_SIGN_IDENTITY[sdk=iphoneos*]" = "iPhone Developer";
				COPY_PHASE_STRIP = NO;
				ENABLE_STRICT_OBJC_MSGSEND = YES;
				GCC_C_LANGUAGE_STANDARD = gnu99;
				GCC_DYNAMIC_NO_PIC = NO;
				GCC_OPTIMIZATION_LEVEL = 0;
				GCC_PREPROCESSOR_DEFINITIONS = (
					"DEBUG=1",
					"$(inherited)",
				);
				GCC_SYMBOLS_PRIVATE_EXTERN = NO;
				GCC_WARN_64_TO_32_BIT_CONVERSION = YES;
				GCC_WARN_ABOUT_RETURN_TYPE = YES_ERROR;
				GCC_WARN_UNDECLARED_SELECTOR = YES;
				GCC_WARN_UNINITIALIZED_AUTOS = YES_AGGRESSIVE;
				GCC_WARN_UNUSED_FUNCTION = YES;
				GCC_WARN_UNUSED_VARIABLE = YES;
				IPHONEOS_DEPLOYMENT_TARGET = 8.2;
				MTL_ENABLE_DEBUG_INFO = YES;
				ONLY_ACTIVE_ARCH = YES;
				SDKROOT = iphoneos;
				TARGETED_DEVICE_FAMILY = "1,2";
			};
			name = Debug;
		};
		DAB302501AD4977200F9C0D4 /* Release */ = {
			isa = XCBuildConfiguration;
			buildSettings = {
				ALWAYS_SEARCH_USER_PATHS = NO;
				CLANG_CXX_LANGUAGE_STANDARD = "gnu++0x";
				CLANG_CXX_LIBRARY = "libc++";
				CLANG_ENABLE_MODULES = YES;
				CLANG_ENABLE_OBJC_ARC = YES;
				CLANG_WARN_BOOL_CONVERSION = YES;
				CLANG_WARN_CONSTANT_CONVERSION = YES;
				CLANG_WARN_DIRECT_OBJC_ISA_USAGE = YES_ERROR;
				CLANG_WARN_EMPTY_BODY = YES;
				CLANG_WARN_ENUM_CONVERSION = YES;
				CLANG_WARN_INT_CONVERSION = YES;
				CLANG_WARN_OBJC_ROOT_CLASS = YES_ERROR;
				CLANG_WARN_UNREACHABLE_CODE = YES;
				CLANG_WARN__DUPLICATE_METHOD_MATCH = YES;
				"CODE_SIGN_IDENTITY[sdk=iphoneos*]" = "iPhone Developer";
				COPY_PHASE_STRIP = NO;
				ENABLE_NS_ASSERTIONS = NO;
				ENABLE_STRICT_OBJC_MSGSEND = YES;
				GCC_C_LANGUAGE_STANDARD = gnu99;
				GCC_WARN_64_TO_32_BIT_CONVERSION = YES;
				GCC_WARN_ABOUT_RETURN_TYPE = YES_ERROR;
				GCC_WARN_UNDECLARED_SELECTOR = YES;
				GCC_WARN_UNINITIALIZED_AUTOS = YES_AGGRESSIVE;
				GCC_WARN_UNUSED_FUNCTION = YES;
				GCC_WARN_UNUSED_VARIABLE = YES;
				IPHONEOS_DEPLOYMENT_TARGET = 8.2;
				MTL_ENABLE_DEBUG_INFO = NO;
				SDKROOT = iphoneos;
				TARGETED_DEVICE_FAMILY = "1,2";
				VALIDATE_PRODUCT = YES;
			};
			name = Release;
		};
		DAB302521AD4977200F9C0D4 /* Debug */ = {
			isa = XCBuildConfiguration;
			buildSettings = {
				ASSETCATALOG_COMPILER_APPICON_NAME = AppIcon;
				INFOPLIST_FILE = AcronymLookup/Info.plist;
				LD_RUNPATH_SEARCH_PATHS = "$(inherited) @executable_path/Frameworks";
				PRODUCT_NAME = "$(TARGET_NAME)";
			};
			name = Debug;
		};
		DAB302531AD4977200F9C0D4 /* Release */ = {
			isa = XCBuildConfiguration;
			buildSettings = {
				ASSETCATALOG_COMPILER_APPICON_NAME = AppIcon;
				INFOPLIST_FILE = AcronymLookup/Info.plist;
				LD_RUNPATH_SEARCH_PATHS = "$(inherited) @executable_path/Frameworks";
				PRODUCT_NAME = "$(TARGET_NAME)";
			};
			name = Release;
		};
		DAB302551AD4977200F9C0D4 /* Debug */ = {
			isa = XCBuildConfiguration;
			buildSettings = {
				BUNDLE_LOADER = "$(TEST_HOST)";
				FRAMEWORK_SEARCH_PATHS = (
					"$(SDKROOT)/Developer/Library/Frameworks",
					"$(inherited)",
				);
				GCC_PREPROCESSOR_DEFINITIONS = (
					"DEBUG=1",
					"$(inherited)",
				);
				INFOPLIST_FILE = AcronymLookupTests/Info.plist;
				LD_RUNPATH_SEARCH_PATHS = "$(inherited) @executable_path/Frameworks @loader_path/Frameworks";
				PRODUCT_NAME = "$(TARGET_NAME)";
				TEST_HOST = "$(BUILT_PRODUCTS_DIR)/AcronymLookup.app/AcronymLookup";
			};
			name = Debug;
		};
		DAB302561AD4977200F9C0D4 /* Release */ = {
			isa = XCBuildConfiguration;
			buildSettings = {
				BUNDLE_LOADER = "$(TEST_HOST)";
				FRAMEWORK_SEARCH_PATHS = (
					"$(SDKROOT)/Developer/Library/Frameworks",
					"$(inherited)",
				);
				INFOPLIST_FILE = AcronymLookupTests/Info.plist;
				LD_RUNPATH_SEARCH_PATHS = "$(inherited) @executable_path/Frameworks @loader_path/Frameworks";
				PRODUCT_NAME = "$(TARGET_NAME)";
				TEST_HOST = "$(BUILT_PRODUCTS_DIR)/AcronymLookup.app/AcronymLookup";
			};
			name = Release;
		};
/* End XCBuildConfiguration section */

/* Begin XCConfigurationList section */
		DAB302261AD4977100F9C0D4 /* Build configuration list for PBXProject "AcronymLookup" */ = {
			isa = XCConfigurationList;
			buildConfigurations = (
				DAB3024F1AD4977200F9C0D4 /* Debug */,
				DAB302501AD4977200F9C0D4 /* Release */,
			);
			defaultConfigurationIsVisible = 0;
			defaultConfigurationName = Release;
		};
		DAB302511AD4977200F9C0D4 /* Build configuration list for PBXNativeTarget "AcronymLookup" */ = {
			isa = XCConfigurationList;
			buildConfigurations = (
				DAB302521AD4977200F9C0D4 /* Debug */,
				DAB302531AD4977200F9C0D4 /* Release */,
			);
			defaultConfigurationIsVisible = 0;
		};
		DAB302541AD4977200F9C0D4 /* Build configuration list for PBXNativeTarget "AcronymLookupTests" */ = {
			isa = XCConfigurationList;
			buildConfigurations = (
				DAB302551AD4977200F9C0D4 /* Debug */,
				DAB302561AD4977200F9C0D4 /* Release */,
			);
			defaultConfigurationIsVisible = 0;
		};
/* End XCConfigurationList section */

/* Begin XCVersionGroup section */
		DAB302351AD4977200F9C0D4 /* AcronymLookup.xcdatamodeld */ = {
			isa = XCVersionGroup;
			children = (
				DAB302361AD4977200F9C0D4 /* AcronymLookup.xcdatamodel */,
			);
			currentVersion = DAB302361AD4977200F9C0D4 /* AcronymLookup.xcdatamodel */;
			path = AcronymLookup.xcdatamodeld;
			sourceTree = "<group>";
			versionGroupType = wrapper.xcdatamodel;
		};
/* End XCVersionGroup section */
	};
	rootObject = DAB302231AD4977100F9C0D4 /* Project object */;
}
